
Microsoft Visual Studio Solution File, Format Version 12.00
# Visual Studio Version 16
VisualStudioVersion = 16.0.29001.49
MinimumVisualStudioVersion = 10.0.40219.1
Project("{9092AA53-FB77-4645-B42D-1CCCA6BD08BD}") = "DataCatalog", "DataCatalog\DataCatalog.njsproj", "{CCEC1252-9147-4E8C-BC77-7688348DDE76}"
EndProject
Global
	GlobalSection(SolutionConfigurationPlatforms) = preSolution
		Debug|Any CPU = Debug|Any CPU
		Release|Any CPU = Release|Any CPU
	EndGlobalSection
	GlobalSection(ProjectConfigurationPlatforms) = postSolution
		{CCEC1252-9147-4E8C-BC77-7688348DDE76}.Debug|Any CPU.ActiveCfg = Debug|Any CPU
		{CCEC1252-9147-4E8C-BC77-7688348DDE76}.Debug|Any CPU.Build.0 = Debug|Any CPU
		{CCEC1252-9147-4E8C-BC77-7688348DDE76}.Release|Any CPU.ActiveCfg = Release|Any CPU
		{CCEC1252-9147-4E8C-BC77-7688348DDE76}.Release|Any CPU.Build.0 = Release|Any CPU
	EndGlobalSection
	GlobalSection(SolutionProperties) = preSolution
		HideSolutionNode = FALSE
	EndGlobalSection
	GlobalSection(ExtensibilityGlobals) = postSolution
		SolutionGuid = {78F5F1CC-080E-4D05-B9EF-19B45C580D99}
	EndGlobalSection
EndGlobal
